
Microsoft Visual Studio Solution File, Format Version 12.00
# Visual Studio Version 17
VisualStudioVersion = 17.10.35004.147
MinimumVisualStudioVersion = 10.0.40219.1
Project("{FAE04EC0-301F-11D3-BF4B-00C04F79EFBC}") = "TokenRevocation", "TokenRevocation\TokenRevocation.csproj", "{27630B00-E890-4C36-AA6F-947DAF8EDA8A}"
EndProject
Global
	GlobalSection(SolutionConfigurationPlatforms) = preSolution
		Debug|Any CPU = Debug|Any CPU
		Release|Any CPU = Release|Any CPU
	EndGlobalSection
	GlobalSection(ProjectConfigurationPlatforms) = postSolution
		{27630B00-E890-4C36-AA6F-947DAF8EDA8A}.Debug|Any CPU.ActiveCfg = Debug|Any CPU
		{27630B00-E890-4C36-AA6F-947DAF8EDA8A}.Debug|Any CPU.Build.0 = Debug|Any CPU
		{27630B00-E890-4C36-AA6F-947DAF8EDA8A}.Release|Any CPU.ActiveCfg = Release|Any CPU
		{27630B00-E890-4C36-AA6F-947DAF8EDA8A}.Release|Any CPU.Build.0 = Release|Any CPU
	EndGlobalSection
	GlobalSection(SolutionProperties) = preSolution
		HideSolutionNode = FALSE
	EndGlobalSection
	GlobalSection(ExtensibilityGlobals) = postSolution
		SolutionGuid = {96FD6272-8155-4398-BF17-5F2479C69A0C}
	EndGlobalSection
EndGlobal
